// !$*UTF8*$!
{
	archiveVersion = 1;
	classes = {
	};
	objectVersion = 50;
	objects = {

/* Begin PBXBuildFile section */
		40A9D1892580C5F200F7617A /* FlowerCCell.m in Sources */ = {isa = PBXBuildFile; fileRef = 40A9D1872580C5F200F7617A /* FlowerCCell.m */; };
		40A9D18A2580C5F200F7617A /* FlowerCCell.xib in Resources */ = {isa = PBXBuildFile; fileRef = 40A9D1882580C5F200F7617A /* FlowerCCell.xib */; };
		40A9D18E2580E0EB00F7617A /* ChooseModel.m in Sources */ = {isa = PBXBuildFile; fileRef = 40A9D18D2580E0EB00F7617A /* ChooseModel.m */; };
		40A9D1922580E77800F7617A /* NumberView.m in Sources */ = {isa = PBXBuildFile; fileRef = 40A9D1912580E77800F7617A /* NumberView.m */; };
		40A9D1952580E78800F7617A /* NumberView.xib in Resources */ = {isa = PBXBuildFile; fileRef = 40A9D1942580E78800F7617A /* NumberView.xib */; };
		40A9D1992580EB0200F7617A /* UIView+Addition.m in Sources */ = {isa = PBXBuildFile; fileRef = 40A9D1972580EB0200F7617A /* UIView+Addition.m */; };
		40A9D19E2580F0AB00F7617A /* FinishVC.m in Sources */ = {isa = PBXBuildFile; fileRef = 40A9D19C2580F0AB00F7617A /* FinishVC.m */; };
		40A9D19F2580F0AB00F7617A /* FinishVC.xib in Resources */ = {isa = PBXBuildFile; fileRef = 40A9D19D2580F0AB00F7617A /* FinishVC.xib */; };
		40A9D1A42581FB0F00F7617A /* RecordsVC.m in Sources */ = {isa = PBXBuildFile; fileRef = 40A9D1A22581FB0F00F7617A /* RecordsVC.m */; };
		40A9D1A52581FB0F00F7617A /* RecordsVC.xib in Resources */ = {isa = PBXBuildFile; fileRef = 40A9D1A32581FB0F00F7617A /* RecordsVC.xib */; };
		E337E16F257AE8970045328C /* AppDelegate.m in Sources */ = {isa = PBXBuildFile; fileRef = E337E16E257AE8970045328C /* AppDelegate.m */; };
		E337E172257AE8970045328C /* SceneDelegate.m in Sources */ = {isa = PBXBuildFile; fileRef = E337E171257AE8970045328C /* SceneDelegate.m */; };
		E337E175257AE8970045328C /* ViewController.m in Sources */ = {isa = PBXBuildFile; fileRef = E337E174257AE8970045328C /* ViewController.m */; };
		E337E178257AE8980045328C /* Main.storyboard in Resources */ = {isa = PBXBuildFile; fileRef = E337E176257AE8980045328C /* Main.storyboard */; };
		E337E17B257AE8980045328C /* KOKTemplateApp.xcdatamodeld in Sources */ = {isa = PBXBuildFile; fileRef = E337E179257AE8980045328C /* KOKTemplateApp.xcdatamodeld */; };
		E337E17D257AE8980045328C /* Assets.xcassets in Resources */ = {isa = PBXBuildFile; fileRef = E337E17C257AE8980045328C /* Assets.xcassets */; };
		E337E180257AE8980045328C /* LaunchScreen.storyboard in Resources */ = {isa = PBXBuildFile; fileRef = E337E17E257AE8980045328C /* LaunchScreen.storyboard */; };
		E337E183257AE8980045328C /* main.m in Sources */ = {isa = PBXBuildFile; fileRef = E337E182257AE8980045328C /* main.m */; };
		E337E190257B0D300045328C /* SetingViewController.m in Sources */ = {isa = PBXBuildFile; fileRef = E337E18F257B0D300045328C /* SetingViewController.m */; };
		E337E196257B0D600045328C /* HomeViewController.m in Sources */ = {isa = PBXBuildFile; fileRef = E337E195257B0D600045328C /* HomeViewController.m */; };
		E337E1A2257B313E0045328C /* opensourceSDKdata.plist in Resources */ = {isa = PBXBuildFile; fileRef = E337E1A1257B313E0045328C /* opensourceSDKdata.plist */; };
		E337E1B8257B381E0045328C /* YYWeakProxy.m in Sources */ = {isa = PBXBuildFile; fileRef = E337E1B4257B381E0045328C /* YYWeakProxy.m */; };
		E337E1B9257B381E0045328C /* YYFPSLabel.m in Sources */ = {isa = PBXBuildFile; fileRef = E337E1B6257B381E0045328C /* YYFPSLabel.m */; };
		E344ECDD257F2D0700E8651F /* MakeGoodsFreshFlowerViewController.m in Sources */ = {isa = PBXBuildFile; fileRef = E344ECDB257F2D0700E8651F /* MakeGoodsFreshFlowerViewController.m */; };
		E344ECDE257F2D0700E8651F /* MakeGoodsFreshFlowerViewController.xib in Resources */ = {isa = PBXBuildFile; fileRef = E344ECDC257F2D0700E8651F /* MakeGoodsFreshFlowerViewController.xib */; };
		E344ECE6257F2FA100E8651F /* ViewFLowerMaterialVC.m in Sources */ = {isa = PBXBuildFile; fileRef = E344ECE4257F2FA100E8651F /* ViewFLowerMaterialVC.m */; };
		E344ECE7257F2FA100E8651F /* ViewFLowerMaterialVC.xib in Resources */ = {isa = PBXBuildFile; fileRef = E344ECE5257F2FA100E8651F /* ViewFLowerMaterialVC.xib */; };
		E344ECEC257F30BF00E8651F /* SendFlowersLIstVC.m in Sources */ = {isa = PBXBuildFile; fileRef = E344ECEA257F30BF00E8651F /* SendFlowersLIstVC.m */; };
		E344ECED257F30BF00E8651F /* SendFlowersLIstVC.xib in Resources */ = {isa = PBXBuildFile; fileRef = E344ECEB257F30BF00E8651F /* SendFlowersLIstVC.xib */; };
		E38EDD78257C066C0055CC7C /* OpensourceSDKVC.m in Sources */ = {isa = PBXBuildFile; fileRef = E38EDD76257C066C0055CC7C /* OpensourceSDKVC.m */; };
		E38EDD79257C066C0055CC7C /* OpensourceSDKVC.xib in Resources */ = {isa = PBXBuildFile; fileRef = E38EDD77257C066C0055CC7C /* OpensourceSDKVC.xib */; };
		E3B407C4257FF83500C0C88D /* ChooseVaseVC.m in Sources */ = {isa = PBXBuildFile; fileRef = E3B407C2257FF83500C0C88D /* ChooseVaseVC.m */; };
		E3B407C5257FF83500C0C88D /* ChooseVaseVC.xib in Resources */ = {isa = PBXBuildFile; fileRef = E3B407C3257FF83500C0C88D /* ChooseVaseVC.xib */; };
		E3B407D2257FFAAC00C0C88D /* vase4.jpeg in Resources */ = {isa = PBXBuildFile; fileRef = E3B407C8257FFAAC00C0C88D /* vase4.jpeg */; };
		E3B407D3257FFAAC00C0C88D /* vase5.jpg in Resources */ = {isa = PBXBuildFile; fileRef = E3B407C9257FFAAC00C0C88D /* vase5.jpg */; };
		E3B407D4257FFAAC00C0C88D /* vase10.jpeg in Resources */ = {isa = PBXBuildFile; fileRef = E3B407CA257FFAAC00C0C88D /* vase10.jpeg */; };
		E3B407D5257FFAAC00C0C88D /* vase2.jpeg in Resources */ = {isa = PBXBuildFile; fileRef = E3B407CB257FFAAC00C0C88D /* vase2.jpeg */; };
		E3B407D6257FFAAC00C0C88D /* vase1.jpg in Resources */ = {isa = PBXBuildFile; fileRef = E3B407CC257FFAAC00C0C88D /* vase1.jpg */; };
		E3B407D7257FFAAC00C0C88D /* vase3.jpg in Resources */ = {isa = PBXBuildFile; fileRef = E3B407CD257FFAAC00C0C88D /* vase3.jpg */; };
		E3B407D8257FFAAC00C0C88D /* vase6.jpg in Resources */ = {isa = PBXBuildFile; fileRef = E3B407CE257FFAAC00C0C88D /* vase6.jpg */; };
		E3B407D9257FFAAC00C0C88D /* vase7.jpeg in Resources */ = {isa = PBXBuildFile; fileRef = E3B407CF257FFAAC00C0C88D /* vase7.jpeg */; };
		E3B407DA257FFAAC00C0C88D /* vase9.webp in Resources */ = {isa = PBXBuildFile; fileRef = E3B407D0257FFAAC00C0C88D /* vase9.webp */; };
		E3B407DB257FFAAC00C0C88D /* vase8.jpg in Resources */ = {isa = PBXBuildFile; fileRef = E3B407D1257FFAAC00C0C88D /* vase8.jpg */; };
		E3B407E1257FFB3000C0C88D /* ChoseBackImageVC.m in Sources */ = {isa = PBXBuildFile; fileRef = E3B407DF257FFB3000C0C88D /* ChoseBackImageVC.m */; };
		E3B407E2257FFB3000C0C88D /* ChoseBackImageVC.xib in Resources */ = {isa = PBXBuildFile; fileRef = E3B407E0257FFB3000C0C88D /* ChoseBackImageVC.xib */; };
		E3B407E9257FFD5800C0C88D /* PreFlowerVC.m in Sources */ = {isa = PBXBuildFile; fileRef = E3B407E7257FFD5700C0C88D /* PreFlowerVC.m */; };
		E3B407EA257FFD5800C0C88D /* PreFlowerVC.xib in Resources */ = {isa = PBXBuildFile; fileRef = E3B407E8257FFD5800C0C88D /* PreFlowerVC.xib */; };
		E3B409212585891C00C0C88D /* Make.jpg in Resources */ = {isa = PBXBuildFile; fileRef = E3B409202585891C00C0C88D /* Make.jpg */; };
		E3B409272585897100C0C88D /* ExampleVC.m in Sources */ = {isa = PBXBuildFile; fileRef = E3B409252585897100C0C88D /* ExampleVC.m */; };
		E3B409282585897100C0C88D /* ExampleVC.xib in Resources */ = {isa = PBXBuildFile; fileRef = E3B409262585897100C0C88D /* ExampleVC.xib */; };
		E3B4092C258589F900C0C88D /* choose a vase.png in Resources */ = {isa = PBXBuildFile; fileRef = E3B4092B258589F900C0C88D /* choose a vase.png */; };
		E3B4092F25858A9300C0C88D /* choose a flower type.png in Resources */ = {isa = PBXBuildFile; fileRef = E3B4092E25858A9300C0C88D /* choose a flower type.png */; };
		E3B409322585908700C0C88D /* complte.png in Resources */ = {isa = PBXBuildFile; fileRef = E3B409312585908700C0C88D /* complte.png */; };
		E3B40935258591FC00C0C88D /* save.png in Resources */ = {isa = PBXBuildFile; fileRef = E3B40934258591FC00C0C88D /* save.png */; };
		E3E52188257B5D9F00D0D7DB /* KOKWindowHelperVC.m in Sources */ = {isa = PBXBuildFile; fileRef = E3E52187257B5D9F00D0D7DB /* KOKWindowHelperVC.m */; };
		E3E5218C257B5E0600D0D7DB /* KOKWIndow.m in Sources */ = {isa = PBXBuildFile; fileRef = E3E5218B257B5E0600D0D7DB /* KOKWIndow.m */; };
/* End PBXBuildFile section */

/* Begin PBXFileReference section */
		40A9D1832580C36600F7617A /* PrefixHeader.pch */ = {isa = PBXFileReference; lastKnownFileType = sourcecode.c.h; path = PrefixHeader.pch; sourceTree = "<group>"; };
		40A9D1862580C5F200F7617A /* FlowerCCell.h */ = {isa = PBXFileReference; lastKnownFileType = sourcecode.c.h; path = FlowerCCell.h; sourceTree = "<group>"; };
		40A9D1872580C5F200F7617A /* FlowerCCell.m */ = {isa = PBXFileReference; lastKnownFileType = sourcecode.c.objc; path = FlowerCCell.m; sourceTree = "<group>"; };
		40A9D1882580C5F200F7617A /* FlowerCCell.xib */ = {isa = PBXFileReference; lastKnownFileType = file.xib; path = FlowerCCell.xib; sourceTree = "<group>"; };
		40A9D18C2580E0EB00F7617A /* ChooseModel.h */ = {isa = PBXFileReference; lastKnownFileType = sourcecode.c.h; path = ChooseModel.h; sourceTree = "<group>"; };
		40A9D18D2580E0EB00F7617A /* ChooseModel.m */ = {isa = PBXFileReference; lastKnownFileType = sourcecode.c.objc; path = ChooseModel.m; sourceTree = "<group>"; };
		40A9D1902580E77800F7617A /* NumberView.h */ = {isa = PBXFileReference; lastKnownFileType = sourcecode.c.h; path = NumberView.h; sourceTree = "<group>"; };
		40A9D1912580E77800F7617A /* NumberView.m */ = {isa = PBXFileReference; lastKnownFileType = sourcecode.c.objc; path = NumberView.m; sourceTree = "<group>"; };
		40A9D1942580E78800F7617A /* NumberView.xib */ = {isa = PBXFileReference; lastKnownFileType = file.xib; path = NumberView.xib; sourceTree = "<group>"; };
		40A9D1972580EB0200F7617A /* UIView+Addition.m */ = {isa = PBXFileReference; fileEncoding = 4; lastKnownFileType = sourcecode.c.objc; path = "UIView+Addition.m"; sourceTree = "<group>"; };
		40A9D1982580EB0200F7617A /* UIView+Addition.h */ = {isa = PBXFileReference; fileEncoding = 4; lastKnownFileType = sourcecode.c.h; path = "UIView+Addition.h"; sourceTree = "<group>"; };
		40A9D19B2580F0AB00F7617A /* FinishVC.h */ = {isa = PBXFileReference; lastKnownFileType = sourcecode.c.h; path = FinishVC.h; sourceTree = "<group>"; };
		40A9D19C2580F0AB00F7617A /* FinishVC.m */ = {isa = PBXFileReference; lastKnownFileType = sourcecode.c.objc; path = FinishVC.m; sourceTree = "<group>"; };
		40A9D19D2580F0AB00F7617A /* FinishVC.xib */ = {isa = PBXFileReference; lastKnownFileType = file.xib; path = FinishVC.xib; sourceTree = "<group>"; };
		40A9D1A12581FB0F00F7617A /* RecordsVC.h */ = {isa = PBXFileReference; lastKnownFileType = sourcecode.c.h; path = RecordsVC.h; sourceTree = "<group>"; };
		40A9D1A22581FB0F00F7617A /* RecordsVC.m */ = {isa = PBXFileReference; lastKnownFileType = sourcecode.c.objc; path = RecordsVC.m; sourceTree = "<group>"; };
		40A9D1A32581FB0F00F7617A /* RecordsVC.xib */ = {isa = PBXFileReference; lastKnownFileType = file.xib; path = RecordsVC.xib; sourceTree = "<group>"; };
		E337E16A257AE8970045328C /* KOKTemplateApp.app */ = {isa = PBXFileReference; explicitFileType = wrapper.application; includeInIndex = 0; path = KOKTemplateApp.app; sourceTree = BUILT_PRODUCTS_DIR; };
		E337E16D257AE8970045328C /* AppDelegate.h */ = {isa = PBXFileReference; lastKnownFileType = sourcecode.c.h; path = AppDelegate.h; sourceTree = "<group>"; };
		E337E16E257AE8970045328C /* AppDelegate.m */ = {isa = PBXFileReference; lastKnownFileType = sourcecode.c.objc; path = AppDelegate.m; sourceTree = "<group>"; };
		E337E170257AE8970045328C /* SceneDelegate.h */ = {isa = PBXFileReference; lastKnownFileType = sourcecode.c.h; path = SceneDelegate.h; sourceTree = "<group>"; };
		E337E171257AE8970045328C /* SceneDelegate.m */ = {isa = PBXFileReference; lastKnownFileType = sourcecode.c.objc; path = SceneDelegate.m; sourceTree = "<group>"; };
		E337E173257AE8970045328C /* ViewController.h */ = {isa = PBXFileReference; lastKnownFileType = sourcecode.c.h; path = ViewController.h; sourceTree = "<group>"; };
		E337E174257AE8970045328C /* ViewController.m */ = {isa = PBXFileReference; lastKnownFileType = sourcecode.c.objc; path = ViewController.m; sourceTree = "<group>"; };
		E337E177257AE8980045328C /* Base */ = {isa = PBXFileReference; lastKnownFileType = file.storyboard; name = Base; path = Base.lproj/Main.storyboard; sourceTree = "<group>"; };
		E337E17A257AE8980045328C /* KOKTemplateApp.xcdatamodel */ = {isa = PBXFileReference; lastKnownFileType = wrapper.xcdatamodel; path = KOKTemplateApp.xcdatamodel; sourceTree = "<group>"; };
		E337E17C257AE8980045328C /* Assets.xcassets */ = {isa = PBXFileReference; lastKnownFileType = folder.assetcatalog; path = Assets.xcassets; sourceTree = "<group>"; };
		E337E17F257AE8980045328C /* Base */ = {isa = PBXFileReference; lastKnownFileType = file.storyboard; name = Base; path = Base.lproj/LaunchScreen.storyboard; sourceTree = "<group>"; };
		E337E181257AE8980045328C /* Info.plist */ = {isa = PBXFileReference; lastKnownFileType = text.plist.xml; path = Info.plist; sourceTree = "<group>"; };
		E337E182257AE8980045328C /* main.m */ = {isa = PBXFileReference; lastKnownFileType = sourcecode.c.objc; path = main.m; sourceTree = "<group>"; };
		E337E18E257B0D300045328C /* SetingViewController.h */ = {isa = PBXFileReference; lastKnownFileType = sourcecode.c.h; path = SetingViewController.h; sourceTree = "<group>"; };
		E337E18F257B0D300045328C /* SetingViewController.m */ = {isa = PBXFileReference; lastKnownFileType = sourcecode.c.objc; path = SetingViewController.m; sourceTree = "<group>"; };
		E337E194257B0D600045328C /* HomeViewController.h */ = {isa = PBXFileReference; lastKnownFileType = sourcecode.c.h; path = HomeViewController.h; sourceTree = "<group>"; };
		E337E195257B0D600045328C /* HomeViewController.m */ = {isa = PBXFileReference; lastKnownFileType = sourcecode.c.objc; path = HomeViewController.m; sourceTree = "<group>"; };
		E337E1A1257B313E0045328C /* opensourceSDKdata.plist */ = {isa = PBXFileReference; lastKnownFileType = text.plist.xml; path = opensourceSDKdata.plist; sourceTree = "<group>"; };
		E337E1B4257B381E0045328C /* YYWeakProxy.m */ = {isa = PBXFileReference; fileEncoding = 4; lastKnownFileType = sourcecode.c.objc; path = YYWeakProxy.m; sourceTree = "<group>"; };
		E337E1B5257B381E0045328C /* YYFPSLabel.h */ = {isa = PBXFileReference; fileEncoding = 4; lastKnownFileType = sourcecode.c.h; path = YYFPSLabel.h; sourceTree = "<group>"; };
		E337E1B6257B381E0045328C /* YYFPSLabel.m */ = {isa = PBXFileReference; fileEncoding = 4; lastKnownFileType = sourcecode.c.objc; path = YYFPSLabel.m; sourceTree = "<group>"; };
		E337E1B7257B381E0045328C /* YYWeakProxy.h */ = {isa = PBXFileReference; fileEncoding = 4; lastKnownFileType = sourcecode.c.h; path = YYWeakProxy.h; sourceTree = "<group>"; };
		E344ECDA257F2D0700E8651F /* MakeGoodsFreshFlowerViewController.h */ = {isa = PBXFileReference; lastKnownFileType = sourcecode.c.h; path = MakeGoodsFreshFlowerViewController.h; sourceTree = "<group>"; };
		E344ECDB257F2D0700E8651F /* MakeGoodsFreshFlowerViewController.m */ = {isa = PBXFileReference; lastKnownFileType = sourcecode.c.objc; path = MakeGoodsFreshFlowerViewController.m; sourceTree = "<group>"; };
		E344ECDC257F2D0700E8651F /* MakeGoodsFreshFlowerViewController.xib */ = {isa = PBXFileReference; lastKnownFileType = file.xib; path = MakeGoodsFreshFlowerViewController.xib; sourceTree = "<group>"; };
		E344ECE3257F2FA100E8651F /* ViewFLowerMaterialVC.h */ = {isa = PBXFileReference; lastKnownFileType = sourcecode.c.h; path = ViewFLowerMaterialVC.h; sourceTree = "<group>"; };
		E344ECE4257F2FA100E8651F /* ViewFLowerMaterialVC.m */ = {isa = PBXFileReference; lastKnownFileType = sourcecode.c.objc; path = ViewFLowerMaterialVC.m; sourceTree = "<group>"; };
		E344ECE5257F2FA100E8651F /* ViewFLowerMaterialVC.xib */ = {isa = PBXFileReference; lastKnownFileType = file.xib; path = ViewFLowerMaterialVC.xib; sourceTree = "<group>"; };
		E344ECE9257F30BF00E8651F /* SendFlowersLIstVC.h */ = {isa = PBXFileReference; lastKnownFileType = sourcecode.c.h; path = SendFlowersLIstVC.h; sourceTree = "<group>"; };
		E344ECEA257F30BF00E8651F /* SendFlowersLIstVC.m */ = {isa = PBXFileReference; lastKnownFileType = sourcecode.c.objc; path = SendFlowersLIstVC.m; sourceTree = "<group>"; };
		E344ECEB257F30BF00E8651F /* SendFlowersLIstVC.xib */ = {isa = PBXFileReference; lastKnownFileType = file.xib; path = SendFlowersLIstVC.xib; sourceTree = "<group>"; };
		E38EDD75257C066C0055CC7C /* OpensourceSDKVC.h */ = {isa = PBXFileReference; lastKnownFileType = sourcecode.c.h; path = OpensourceSDKVC.h; sourceTree = "<group>"; };
		E38EDD76257C066C0055CC7C /* OpensourceSDKVC.m */ = {isa = PBXFileReference; lastKnownFileType = sourcecode.c.objc; path = OpensourceSDKVC.m; sourceTree = "<group>"; };
		E38EDD77257C066C0055CC7C /* OpensourceSDKVC.xib */ = {isa = PBXFileReference; lastKnownFileType = file.xib; path = OpensourceSDKVC.xib; sourceTree = "<group>"; };
		E3B407C1257FF83500C0C88D /* ChooseVaseVC.h */ = {isa = PBXFileReference; lastKnownFileType = sourcecode.c.h; path = ChooseVaseVC.h; sourceTree = "<group>"; };
		E3B407C2257FF83500C0C88D /* ChooseVaseVC.m */ = {isa = PBXFileReference; lastKnownFileType = sourcecode.c.objc; path = ChooseVaseVC.m; sourceTree = "<group>"; };
		E3B407C3257FF83500C0C88D /* ChooseVaseVC.xib */ = {isa = PBXFileReference; lastKnownFileType = file.xib; path = ChooseVaseVC.xib; sourceTree = "<group>"; };
		E3B407C8257FFAAC00C0C88D /* vase4.jpeg */ = {isa = PBXFileReference; lastKnownFileType = image.jpeg; path = vase4.jpeg; sourceTree = "<group>"; };
		E3B407C9257FFAAC00C0C88D /* vase5.jpg */ = {isa = PBXFileReference; lastKnownFileType = image.jpeg; path = vase5.jpg; sourceTree = "<group>"; };
		E3B407CA257FFAAC00C0C88D /* vase10.jpeg */ = {isa = PBXFileReference; lastKnownFileType = image.jpeg; path = vase10.jpeg; sourceTree = "<group>"; };
		E3B407CB257FFAAC00C0C88D /* vase2.jpeg */ = {isa = PBXFileReference; lastKnownFileType = image.jpeg; path = vase2.jpeg; sourceTree = "<group>"; };
		E3B407CC257FFAAC00C0C88D /* vase1.jpg */ = {isa = PBXFileReference; lastKnownFileType = image.jpeg; path = vase1.jpg; sourceTree = "<group>"; };
		E3B407CD257FFAAC00C0C88D /* vase3.jpg */ = {isa = PBXFileReference; lastKnownFileType = image.jpeg; path = vase3.jpg; sourceTree = "<group>"; };
		E3B407CE257FFAAC00C0C88D /* vase6.jpg */ = {isa = PBXFileReference; lastKnownFileType = image.jpeg; path = vase6.jpg; sourceTree = "<group>"; };
		E3B407CF257FFAAC00C0C88D /* vase7.jpeg */ = {isa = PBXFileReference; lastKnownFileType = image.jpeg; path = vase7.jpeg; sourceTree = "<group>"; };
		E3B407D0257FFAAC00C0C88D /* vase9.webp */ = {isa = PBXFileReference; lastKnownFileType = file; path = vase9.webp; sourceTree = "<group>"; };
		E3B407D1257FFAAC00C0C88D /* vase8.jpg */ = {isa = PBXFileReference; lastKnownFileType = image.jpeg; path = vase8.jpg; sourceTree = "<group>"; };
		E3B407DE257FFB3000C0C88D /* ChoseBackImageVC.h */ = {isa = PBXFileReference; lastKnownFileType = sourcecode.c.h; path = ChoseBackImageVC.h; sourceTree = "<group>"; };
		E3B407DF257FFB3000C0C88D /* ChoseBackImageVC.m */ = {isa = PBXFileReference; lastKnownFileType = sourcecode.c.objc; path = ChoseBackImageVC.m; sourceTree = "<group>"; };
		E3B407E0257FFB3000C0C88D /* ChoseBackImageVC.xib */ = {isa = PBXFileReference; lastKnownFileType = file.xib; path = ChoseBackImageVC.xib; sourceTree = "<group>"; };
		E3B407E6257FFD5700C0C88D /* PreFlowerVC.h */ = {isa = PBXFileReference; lastKnownFileType = sourcecode.c.h; path = PreFlowerVC.h; sourceTree = "<group>"; };
		E3B407E7257FFD5700C0C88D /* PreFlowerVC.m */ = {isa = PBXFileReference; lastKnownFileType = sourcecode.c.objc; path = PreFlowerVC.m; sourceTree = "<group>"; };
		E3B407E8257FFD5800C0C88D /* PreFlowerVC.xib */ = {isa = PBXFileReference; lastKnownFileType = file.xib; path = PreFlowerVC.xib; sourceTree = "<group>"; };
		E3B409202585891C00C0C88D /* Make.jpg */ = {isa = PBXFileReference; lastKnownFileType = image.jpeg; path = Make.jpg; sourceTree = "<group>"; };
		E3B409242585897100C0C88D /* ExampleVC.h */ = {isa = PBXFileReference; lastKnownFileType = sourcecode.c.h; path = ExampleVC.h; sourceTree = "<group>"; };
		E3B409252585897100C0C88D /* ExampleVC.m */ = {isa = PBXFileReference; lastKnownFileType = sourcecode.c.objc; path = ExampleVC.m; sourceTree = "<group>"; };
		E3B409262585897100C0C88D /* ExampleVC.xib */ = {isa = PBXFileReference; lastKnownFileType = file.xib; path = ExampleVC.xib; sourceTree = "<group>"; };
		E3B4092B258589F900C0C88D /* choose a vase.png */ = {isa = PBXFileReference; lastKnownFileType = image.png; path = "choose a vase.png"; sourceTree = "<group>"; };
		E3B4092E25858A9300C0C88D /* choose a flower type.png */ = {isa = PBXFileReference; lastKnownFileType = image.png; path = "choose a flower type.png"; sourceTree = "<group>"; };
		E3B409312585908700C0C88D /* complte.png */ = {isa = PBXFileReference; lastKnownFileType = image.png; path = complte.png; sourceTree = "<group>"; };
		E3B40934258591FC00C0C88D /* save.png */ = {isa = PBXFileReference; lastKnownFileType = image.png; path = save.png; sourceTree = "<group>"; };
		E3E52186257B5D9F00D0D7DB /* KOKWindowHelperVC.h */ = {isa = PBXFileReference; lastKnownFileType = sourcecode.c.h; path = KOKWindowHelperVC.h; sourceTree = "<group>"; };
		E3E52187257B5D9F00D0D7DB /* KOKWindowHelperVC.m */ = {isa = PBXFileReference; lastKnownFileType = sourcecode.c.objc; path = KOKWindowHelperVC.m; sourceTree = "<group>"; };
		E3E5218A257B5E0600D0D7DB /* KOKWIndow.h */ = {isa = PBXFileReference; lastKnownFileType = sourcecode.c.h; path = KOKWIndow.h; sourceTree = "<group>"; };
		E3E5218B257B5E0600D0D7DB /* KOKWIndow.m */ = {isa = PBXFileReference; lastKnownFileType = sourcecode.c.objc; path = KOKWIndow.m; sourceTree = "<group>"; };
/* End PBXFileReference section */

/* Begin PBXFrameworksBuildPhase section */
		E337E167257AE8970045328C /* Frameworks */ = {
			isa = PBXFrameworksBuildPhase;
			buildActionMask = 2147483647;
			files = (
			);
			runOnlyForDeploymentPostprocessing = 0;
		};
/* End PBXFrameworksBuildPhase section */

/* Begin PBXGroup section */
		E337E161257AE8970045328C = {
			isa = PBXGroup;
			children = (
				E337E16C257AE8970045328C /* KOKTemplateApp */,
				E337E16B257AE8970045328C /* Products */,
			);
			sourceTree = "<group>";
		};
		E337E16B257AE8970045328C /* Products */ = {
			isa = PBXGroup;
			children = (
				E337E16A257AE8970045328C /* KOKTemplateApp.app */,
			);
			name = Products;
			sourceTree = "<group>";
		};
		E337E16C257AE8970045328C /* KOKTemplateApp */ = {
			isa = PBXGroup;
			children = (
				E337E16D257AE8970045328C /* AppDelegate.h */,
				E337E16E257AE8970045328C /* AppDelegate.m */,
				E337E170257AE8970045328C /* SceneDelegate.h */,
				E337E171257AE8970045328C /* SceneDelegate.m */,
				E337E173257AE8970045328C /* ViewController.h */,
				E337E174257AE8970045328C /* ViewController.m */,
				E3E5218A257B5E0600D0D7DB /* KOKWIndow.h */,
				E3E5218B257B5E0600D0D7DB /* KOKWIndow.m */,
				E3E52186257B5D9F00D0D7DB /* KOKWindowHelperVC.h */,
				E3E52187257B5D9F00D0D7DB /* KOKWindowHelperVC.m */,
				40A9D1832580C36600F7617A /* PrefixHeader.pch */,
				E337E1B2257B381E0045328C /* ThirtyPart */,
				E337E192257B0D370045328C /* vc */,
				E337E176257AE8980045328C /* Main.storyboard */,
				E337E17C257AE8980045328C /* Assets.xcassets */,
				E337E17E257AE8980045328C /* LaunchScreen.storyboard */,
				E337E181257AE8980045328C /* Info.plist */,
				E337E182257AE8980045328C /* main.m */,
				E337E179257AE8980045328C /* KOKTemplateApp.xcdatamodeld */,
			);
			path = KOKTemplateApp;
			sourceTree = "<group>";
		};
		E337E192257B0D370045328C /* vc */ = {
			isa = PBXGroup;
			children = (
				E3B409232585895600C0C88D /* Example */,
				E3B407EC257FFD6500C0C88D /* PreFlower */,
				E3B407E4257FFC7500C0C88D /* ChoseFlowerType */,
				E3B407DD257FFABB00C0C88D /* choseBackimage */,
				E3B407C0257FF80F00C0C88D /* choseVase */,
				E337E18E257B0D300045328C /* SetingViewController.h */,
				E337E18F257B0D300045328C /* SetingViewController.m */,
				E337E194257B0D600045328C /* HomeViewController.h */,
				E337E195257B0D600045328C /* HomeViewController.m */,
				E38EDD75257C066C0055CC7C /* OpensourceSDKVC.h */,
				E344ECDA257F2D0700E8651F /* MakeGoodsFreshFlowerViewController.h */,
				E344ECDB257F2D0700E8651F /* MakeGoodsFreshFlowerViewController.m */,
				E344ECDC257F2D0700E8651F /* MakeGoodsFreshFlowerViewController.xib */,
				E344ECE9257F30BF00E8651F /* SendFlowersLIstVC.h */,
				E344ECEA257F30BF00E8651F /* SendFlowersLIstVC.m */,
				E344ECEB257F30BF00E8651F /* SendFlowersLIstVC.xib */,
				E38EDD76257C066C0055CC7C /* OpensourceSDKVC.m */,
				E38EDD77257C066C0055CC7C /* OpensourceSDKVC.xib */,
				E337E1A1257B313E0045328C /* opensourceSDKdata.plist */,
			);
			path = vc;
			sourceTree = "<group>";
		};
		E337E1B2257B381E0045328C /* ThirtyPart */ = {
			isa = PBXGroup;
			children = (
				E337E1B3257B381E0045328C /* YYFPSLabel */,
			);
			path = ThirtyPart;
			sourceTree = "<group>";
		};
		E337E1B3257B381E0045328C /* YYFPSLabel */ = {
			isa = PBXGroup;
			children = (
				E337E1B4257B381E0045328C /* YYWeakProxy.m */,
				E337E1B5257B381E0045328C /* YYFPSLabel.h */,
				E337E1B6257B381E0045328C /* YYFPSLabel.m */,
				E337E1B7257B381E0045328C /* YYWeakProxy.h */,
			);
			path = YYFPSLabel;
			sourceTree = "<group>";
		};
		E3B407C0257FF80F00C0C88D /* choseVase */ = {
			isa = PBXGroup;
			children = (
				E3B407CC257FFAAC00C0C88D /* vase1.jpg */,
				E3B407CB257FFAAC00C0C88D /* vase2.jpeg */,
				E3B407CD257FFAAC00C0C88D /* vase3.jpg */,
				E3B407C8257FFAAC00C0C88D /* vase4.jpeg */,
				E3B407C9257FFAAC00C0C88D /* vase5.jpg */,
				E3B407CE257FFAAC00C0C88D /* vase6.jpg */,
				E3B407CF257FFAAC00C0C88D /* vase7.jpeg */,
				E3B407D1257FFAAC00C0C88D /* vase8.jpg */,
				E3B407D0257FFAAC00C0C88D /* vase9.webp */,
				E3B407CA257FFAAC00C0C88D /* vase10.jpeg */,
				E3B407C1257FF83500C0C88D /* ChooseVaseVC.h */,
				E3B407C2257FF83500C0C88D /* ChooseVaseVC.m */,
				E3B407C3257FF83500C0C88D /* ChooseVaseVC.xib */,
			);
			path = choseVase;
			sourceTree = "<group>";
		};
		E3B407DD257FFABB00C0C88D /* choseBackimage */ = {
			isa = PBXGroup;
			children = (
				E3B407DE257FFB3000C0C88D /* ChoseBackImageVC.h */,
				E3B407DF257FFB3000C0C88D /* ChoseBackImageVC.m */,
				E3B407E0257FFB3000C0C88D /* ChoseBackImageVC.xib */,
			);
			path = choseBackimage;
			sourceTree = "<group>";
		};
		E3B407E4257FFC7500C0C88D /* ChoseFlowerType */ = {
			isa = PBXGroup;
			children = (
				E344ECE3257F2FA100E8651F /* ViewFLowerMaterialVC.h */,
				E344ECE4257F2FA100E8651F /* ViewFLowerMaterialVC.m */,
				E344ECE5257F2FA100E8651F /* ViewFLowerMaterialVC.xib */,
				40A9D1862580C5F200F7617A /* FlowerCCell.h */,
				40A9D1872580C5F200F7617A /* FlowerCCell.m */,
				40A9D1882580C5F200F7617A /* FlowerCCell.xib */,
				40A9D18C2580E0EB00F7617A /* ChooseModel.h */,
				40A9D18D2580E0EB00F7617A /* ChooseModel.m */,
				40A9D1902580E77800F7617A /* NumberView.h */,
				40A9D1912580E77800F7617A /* NumberView.m */,
				40A9D1942580E78800F7617A /* NumberView.xib */,
				40A9D1982580EB0200F7617A /* UIView+Addition.h */,
				40A9D1972580EB0200F7617A /* UIView+Addition.m */,
				40A9D19B2580F0AB00F7617A /* FinishVC.h */,
				40A9D19C2580F0AB00F7617A /* FinishVC.m */,
				40A9D19D2580F0AB00F7617A /* FinishVC.xib */,
				40A9D1A12581FB0F00F7617A /* RecordsVC.h */,
				40A9D1A22581FB0F00F7617A /* RecordsVC.m */,
				40A9D1A32581FB0F00F7617A /* RecordsVC.xib */,
			);
			path = ChoseFlowerType;
			sourceTree = "<group>";
		};
		E3B407EC257FFD6500C0C88D /* PreFlower */ = {
			isa = PBXGroup;
			children = (
				E3B407E6257FFD5700C0C88D /* PreFlowerVC.h */,
				E3B407E7257FFD5700C0C88D /* PreFlowerVC.m */,
				E3B407E8257FFD5800C0C88D /* PreFlowerVC.xib */,
			);
			path = PreFlower;
			sourceTree = "<group>";
		};
		E3B409232585895600C0C88D /* Example */ = {
			isa = PBXGroup;
			children = (
				E3B409242585897100C0C88D /* ExampleVC.h */,
				E3B409252585897100C0C88D /* ExampleVC.m */,
				E3B4092B258589F900C0C88D /* choose a vase.png */,
				E3B40934258591FC00C0C88D /* save.png */,
				E3B409262585897100C0C88D /* ExampleVC.xib */,
				E3B409312585908700C0C88D /* complte.png */,
				E3B4092E25858A9300C0C88D /* choose a flower type.png */,
				E3B409202585891C00C0C88D /* Make.jpg */,
			);
			path = Example;
			sourceTree = "<group>";
		};
/* End PBXGroup section */

/* Begin PBXNativeTarget section */
		E337E169257AE8970045328C /* KOKTemplateApp */ = {
			isa = PBXNativeTarget;
			buildConfigurationList = E337E186257AE8980045328C /* Build configuration list for PBXNativeTarget "KOKTemplateApp" */;
			buildPhases = (
				E337E166257AE8970045328C /* Sources */,
				E337E167257AE8970045328C /* Frameworks */,
				E337E168257AE8970045328C /* Resources */,
			);
			buildRules = (
			);
			dependencies = (
			);
			name = KOKTemplateApp;
			productName = KOKTemplateApp;
			productReference = E337E16A257AE8970045328C /* KOKTemplateApp.app */;
			productType = "com.apple.product-type.application";
		};
/* End PBXNativeTarget section */

/* Begin PBXProject section */
		E337E162257AE8970045328C /* Project object */ = {
			isa = PBXProject;
			attributes = {
				LastUpgradeCheck = 1220;
				TargetAttributes = {
					E337E169257AE8970045328C = {
						CreatedOnToolsVersion = 12.2;
					};
				};
			};
			buildConfigurationList = E337E165257AE8970045328C /* Build configuration list for PBXProject "KOKTemplateApp" */;
			compatibilityVersion = "Xcode 9.3";
			developmentRegion = en;
			hasScannedForEncodings = 0;
			knownRegions = (
				en,
				Base,
			);
			mainGroup = E337E161257AE8970045328C;
			productRefGroup = E337E16B257AE8970045328C /* Products */;
			projectDirPath = "";
			projectRoot = "";
			targets = (
				E337E169257AE8970045328C /* KOKTemplateApp */,
			);
		};
/* End PBXProject section */

/* Begin PBXResourcesBuildPhase section */
		E337E168257AE8970045328C /* Resources */ = {
			isa = PBXResourcesBuildPhase;
			buildActionMask = 2147483647;
			files = (
				40A9D18A2580C5F200F7617A /* FlowerCCell.xib in Resources */,
				40A9D1A52581FB0F00F7617A /* RecordsVC.xib in Resources */,
				E3B407D3257FFAAC00C0C88D /* vase5.jpg in Resources */,
				E3B409212585891C00C0C88D /* Make.jpg in Resources */,
				E344ECE7257F2FA100E8651F /* ViewFLowerMaterialVC.xib in Resources */,
				E3B4092C258589F900C0C88D /* choose a vase.png in Resources */,
				E3B409322585908700C0C88D /* complte.png in Resources */,
				E337E1A2257B313E0045328C /* opensourceSDKdata.plist in Resources */,
				E337E180257AE8980045328C /* LaunchScreen.storyboard in Resources */,
				E3B407D2257FFAAC00C0C88D /* vase4.jpeg in Resources */,
				E3B407D5257FFAAC00C0C88D /* vase2.jpeg in Resources */,
				40A9D19F2580F0AB00F7617A /* FinishVC.xib in Resources */,
				E38EDD79257C066C0055CC7C /* OpensourceSDKVC.xib in Resources */,
				E3B409282585897100C0C88D /* ExampleVC.xib in Resources */,
				E3B407C5257FF83500C0C88D /* ChooseVaseVC.xib in Resources */,
				E3B407E2257FFB3000C0C88D /* ChoseBackImageVC.xib in Resources */,
				E3B407DA257FFAAC00C0C88D /* vase9.webp in Resources */,
				E337E17D257AE8980045328C /* Assets.xcassets in Resources */,
				E337E178257AE8980045328C /* Main.storyboard in Resources */,
				E3B407D6257FFAAC00C0C88D /* vase1.jpg in Resources */,
				E3B407EA257FFD5800C0C88D /* PreFlowerVC.xib in Resources */,
				E344ECDE257F2D0700E8651F /* MakeGoodsFreshFlowerViewController.xib in Resources */,
				E3B407D9257FFAAC00C0C88D /* vase7.jpeg in Resources */,
				E344ECED257F30BF00E8651F /* SendFlowersLIstVC.xib in Resources */,
				E3B4092F25858A9300C0C88D /* choose a flower type.png in Resources */,
				E3B40935258591FC00C0C88D /* save.png in Resources */,
				E3B407D8257FFAAC00C0C88D /* vase6.jpg in Resources */,
				E3B407DB257FFAAC00C0C88D /* vase8.jpg in Resources */,
				E3B407D7257FFAAC00C0C88D /* vase3.jpg in Resources */,
				E3B407D4257FFAAC00C0C88D /* vase10.jpeg in Resources */,
				40A9D1952580E78800F7617A /* NumberView.xib in Resources */,
			);
			runOnlyForDeploymentPostprocessing = 0;
		};
/* End PBXResourcesBuildPhase section */

/* Begin PBXSourcesBuildPhase section */
		E337E166257AE8970045328C /* Sources */ = {
			isa = PBXSourcesBuildPhase;
			buildActionMask = 2147483647;
			files = (
				40A9D1992580EB0200F7617A /* UIView+Addition.m in Sources */,
				E344ECDD257F2D0700E8651F /* MakeGoodsFreshFlowerViewController.m in Sources */,
				E337E183257AE8980045328C /* main.m in Sources */,
				E3B407C4257FF83500C0C88D /* ChooseVaseVC.m in Sources */,
				E337E175257AE8970045328C /* ViewController.m in Sources */,
				E38EDD78257C066C0055CC7C /* OpensourceSDKVC.m in Sources */,
				40A9D1922580E77800F7617A /* NumberView.m in Sources */,
				E3B407E9257FFD5800C0C88D /* PreFlowerVC.m in Sources */,
				40A9D18E2580E0EB00F7617A /* ChooseModel.m in Sources */,
				E337E1B9257B381E0045328C /* YYFPSLabel.m in Sources */,
				E3E5218C257B5E0600D0D7DB /* KOKWIndow.m in Sources */,
				E3B407E1257FFB3000C0C88D /* ChoseBackImageVC.m in Sources */,
				40A9D1892580C5F200F7617A /* FlowerCCell.m in Sources */,
				E337E17B257AE8980045328C /* KOKTemplateApp.xcdatamodeld in Sources */,
				E337E1B8257B381E0045328C /* YYWeakProxy.m in Sources */,
				E337E190257B0D300045328C /* SetingViewController.m in Sources */,
				E344ECEC257F30BF00E8651F /* SendFlowersLIstVC.m in Sources */,
				40A9D1A42581FB0F00F7617A /* RecordsVC.m in Sources */,
				E3E52188257B5D9F00D0D7DB /* KOKWindowHelperVC.m in Sources */,
				E337E16F257AE8970045328C /* AppDelegate.m in Sources */,
				E337E172257AE8970045328C /* SceneDelegate.m in Sources */,
				E337E196257B0D600045328C /* HomeViewController.m in Sources */,
				E344ECE6257F2FA100E8651F /* ViewFLowerMaterialVC.m in Sources */,
				40A9D19E2580F0AB00F7617A /* FinishVC.m in Sources */,
				E3B409272585897100C0C88D /* ExampleVC.m in Sources */,
			);
			runOnlyForDeploymentPostprocessing = 0;
		};
/* End PBXSourcesBuildPhase section */

/* Begin PBXVariantGroup section */
		E337E176257AE8980045328C /* Main.storyboard */ = {
			isa = PBXVariantGroup;
			children = (
				E337E177257AE8980045328C /* Base */,
			);
			name = Main.storyboard;
			sourceTree = "<group>";
		};
		E337E17E257AE8980045328C /* LaunchScreen.storyboard */ = {
			isa = PBXVariantGroup;
			children = (
				E337E17F257AE8980045328C /* Base */,
			);
			name = LaunchScreen.storyboard;
			sourceTree = "<group>";
		};
/* End PBXVariantGroup section */

/* Begin XCBuildConfiguration section */
		E337E184257AE8980045328C /* Debug */ = {
			isa = XCBuildConfiguration;
			buildSettings = {
				ALWAYS_SEARCH_USER_PATHS = NO;
				CLANG_ANALYZER_NONNULL = YES;
				CLANG_ANALYZER_NUMBER_OBJECT_CONVERSION = YES_AGGRESSIVE;
				CLANG_CXX_LANGUAGE_STANDARD = "gnu++14";
				CLANG_CXX_LIBRARY = "libc++";
				CLANG_ENABLE_MODULES = YES;
				CLANG_ENABLE_OBJC_ARC = YES;
				CLANG_ENABLE_OBJC_WEAK = YES;
				CLANG_WARN_BLOCK_CAPTURE_AUTORELEASING = YES;
				CLANG_WARN_BOOL_CONVERSION = YES;
				CLANG_WARN_COMMA = YES;
				CLANG_WARN_CONSTANT_CONVERSION = YES;
				CLANG_WARN_DEPRECATED_OBJC_IMPLEMENTATIONS = YES;
				CLANG_WARN_DIRECT_OBJC_ISA_USAGE = YES_ERROR;
				CLANG_WARN_DOCUMENTATION_COMMENTS = YES;
				CLANG_WARN_EMPTY_BODY = YES;
				CLANG_WARN_ENUM_CONVERSION = YES;
				CLANG_WARN_INFINITE_RECURSION = YES;
				CLANG_WARN_INT_CONVERSION = YES;
				CLANG_WARN_NON_LITERAL_NULL_CONVERSION = YES;
				CLANG_WARN_OBJC_IMPLICIT_RETAIN_SELF = YES;
				CLANG_WARN_OBJC_LITERAL_CONVERSION = YES;
				CLANG_WARN_OBJC_ROOT_CLASS = YES_ERROR;
				CLANG_WARN_QUOTED_INCLUDE_IN_FRAMEWORK_HEADER = YES;
				CLANG_WARN_RANGE_LOOP_ANALYSIS = YES;
				CLANG_WARN_STRICT_PROTOTYPES = YES;
				CLANG_WARN_SUSPICIOUS_MOVE = YES;
				CLANG_WARN_UNGUARDED_AVAILABILITY = YES_AGGRESSIVE;
				CLANG_WARN_UNREACHABLE_CODE = YES;
				CLANG_WARN__DUPLICATE_METHOD_MATCH = YES;
				COPY_PHASE_STRIP = NO;
				DEBUG_INFORMATION_FORMAT = dwarf;
				ENABLE_STRICT_OBJC_MSGSEND = YES;
				ENABLE_TESTABILITY = YES;
				GCC_C_LANGUAGE_STANDARD = gnu11;
				GCC_DYNAMIC_NO_PIC = NO;
				GCC_NO_COMMON_BLOCKS = YES;
				GCC_OPTIMIZATION_LEVEL = 0;
				GCC_PREPROCESSOR_DEFINITIONS = (
					"DEBUG=1",
					"$(inherited)",
				);
				GCC_WARN_64_TO_32_BIT_CONVERSION = YES;
				GCC_WARN_ABOUT_RETURN_TYPE = YES_ERROR;
				GCC_WARN_UNDECLARED_SELECTOR = YES;
				GCC_WARN_UNINITIALIZED_AUTOS = YES_AGGRESSIVE;
				GCC_WARN_UNUSED_FUNCTION = YES;
				GCC_WARN_UNUSED_VARIABLE = YES;
				IPHONEOS_DEPLOYMENT_TARGET = 14.2;
				MTL_ENABLE_DEBUG_INFO = INCLUDE_SOURCE;
				MTL_FAST_MATH = YES;
				ONLY_ACTIVE_ARCH = YES;
				SDKROOT = iphoneos;
			};
			name = Debug;
		};
		E337E185257AE8980045328C /* Release */ = {
			isa = XCBuildConfiguration;
			buildSettings = {
				ALWAYS_SEARCH_USER_PATHS = NO;
				CLANG_ANALYZER_NONNULL = YES;
				CLANG_ANALYZER_NUMBER_OBJECT_CONVERSION = YES_AGGRESSIVE;
				CLANG_CXX_LANGUAGE_STANDARD = "gnu++14";
				CLANG_CXX_LIBRARY = "libc++";
				CLANG_ENABLE_MODULES = YES;
				CLANG_ENABLE_OBJC_ARC = YES;
				CLANG_ENABLE_OBJC_WEAK = YES;
				CLANG_WARN_BLOCK_CAPTURE_AUTORELEASING = YES;
				CLANG_WARN_BOOL_CONVERSION = YES;
				CLANG_WARN_COMMA = YES;
				CLANG_WARN_CONSTANT_CONVERSION = YES;
				CLANG_WARN_DEPRECATED_OBJC_IMPLEMENTATIONS = YES;
				CLANG_WARN_DIRECT_OBJC_ISA_USAGE = YES_ERROR;
				CLANG_WARN_DOCUMENTATION_COMMENTS = YES;
				CLANG_WARN_EMPTY_BODY = YES;
				CLANG_WARN_ENUM_CONVERSION = YES;
				CLANG_WARN_INFINITE_RECURSION = YES;
				CLANG_WARN_INT_CONVERSION = YES;
				CLANG_WARN_NON_LITERAL_NULL_CONVERSION = YES;
				CLANG_WARN_OBJC_IMPLICIT_RETAIN_SELF = YES;
				CLANG_WARN_OBJC_LITERAL_CONVERSION = YES;
				CLANG_WARN_OBJC_ROOT_CLASS = YES_ERROR;
				CLANG_WARN_QUOTED_INCLUDE_IN_FRAMEWORK_HEADER = YES;
				CLANG_WARN_RANGE_LOOP_ANALYSIS = YES;
				CLANG_WARN_STRICT_PROTOTYPES = YES;
				CLANG_WARN_SUSPICIOUS_MOVE = YES;
				CLANG_WARN_UNGUARDED_AVAILABILITY = YES_AGGRESSIVE;
				CLANG_WARN_UNREACHABLE_CODE = YES;
				CLANG_WARN__DUPLICATE_METHOD_MATCH = YES;
				COPY_PHASE_STRIP = NO;
				DEBUG_INFORMATION_FORMAT = "dwarf-with-dsym";
				ENABLE_NS_ASSERTIONS = NO;
				ENABLE_STRICT_OBJC_MSGSEND = YES;
				GCC_C_LANGUAGE_STANDARD = gnu11;
				GCC_NO_COMMON_BLOCKS = YES;
				GCC_WARN_64_TO_32_BIT_CONVERSION = YES;
				GCC_WARN_ABOUT_RETURN_TYPE = YES_ERROR;
				GCC_WARN_UNDECLARED_SELECTOR = YES;
				GCC_WARN_UNINITIALIZED_AUTOS = YES_AGGRESSIVE;
				GCC_WARN_UNUSED_FUNCTION = YES;
				GCC_WARN_UNUSED_VARIABLE = YES;
				IPHONEOS_DEPLOYMENT_TARGET = 14.2;
				MTL_ENABLE_DEBUG_INFO = NO;
				MTL_FAST_MATH = YES;
				SDKROOT = iphoneos;
				VALIDATE_PRODUCT = YES;
			};
			name = Release;
		};
		E337E187257AE8980045328C /* Debug */ = {
			isa = XCBuildConfiguration;
			buildSettings = {
				ASSETCATALOG_COMPILER_APPICON_NAME = AppIcon;
				ASSETCATALOG_COMPILER_GLOBAL_ACCENT_COLOR_NAME = AccentColor;
				CODE_SIGN_STYLE = Automatic;
				DEVELOPMENT_TEAM = K6KCWTJDMK;
				GCC_PREFIX_HEADER = "$(SRCROOT)/KOKTemplateApp/PrefixHeader.pch";
				INFOPLIST_FILE = KOKTemplateApp/Info.plist;
				IPHONEOS_DEPLOYMENT_TARGET = 11.0;
				LD_RUNPATH_SEARCH_PATHS = (
					"$(inherited)",
					"@executable_path/Frameworks",
				);
				PRODUCT_BUNDLE_IDENTIFIER = FreshFlowers.Sports.KOK;
				PRODUCT_NAME = "$(TARGET_NAME)";
				TARGETED_DEVICE_FAMILY = 1;
			};
			name = Debug;
		};
		E337E188257AE8980045328C /* Release */ = {
			isa = XCBuildConfiguration;
			buildSettings = {
				ASSETCATALOG_COMPILER_APPICON_NAME = AppIcon;
				ASSETCATALOG_COMPILER_GLOBAL_ACCENT_COLOR_NAME = AccentColor;
				CODE_SIGN_STYLE = Automatic;
				DEVELOPMENT_TEAM = K6KCWTJDMK;
				GCC_PREFIX_HEADER = "$(SRCROOT)/KOKTemplateApp/PrefixHeader.pch";
				INFOPLIST_FILE = KOKTemplateApp/Info.plist;
				IPHONEOS_DEPLOYMENT_TARGET = 11.0;
				LD_RUNPATH_SEARCH_PATHS = (
					"$(inherited)",
					"@executable_path/Frameworks",
				);
				PRODUCT_BUNDLE_IDENTIFIER = FreshFlowers.Sports.KOK;
				PRODUCT_NAME = "$(TARGET_NAME)";
				TARGETED_DEVICE_FAMILY = 1;
			};
			name = Release;
		};
/* End XCBuildConfiguration section */

/* Begin XCConfigurationList section */
		E337E165257AE8970045328C /* Build configuration list for PBXProject "KOKTemplateApp" */ = {
			isa = XCConfigurationList;
			buildConfigurations = (
				E337E184257AE8980045328C /* Debug */,
				E337E185257AE8980045328C /* Release */,
			);
			defaultConfigurationIsVisible = 0;
			defaultConfigurationName = Release;
		};
		E337E186257AE8980045328C /* Build configuration list for PBXNativeTarget "KOKTemplateApp" */ = {
			isa = XCConfigurationList;
			buildConfigurations = (
				E337E187257AE8980045328C /* Debug */,
				E337E188257AE8980045328C /* Release */,
			);
			defaultConfigurationIsVisible = 0;
			defaultConfigurationName = Release;
		};
/* End XCConfigurationList section */

/* Begin XCVersionGroup section */
		E337E179257AE8980045328C /* KOKTemplateApp.xcdatamodeld */ = {
			isa = XCVersionGroup;
			children = (
				E337E17A257AE8980045328C /* KOKTemplateApp.xcdatamodel */,
			);
			currentVersion = E337E17A257AE8980045328C /* KOKTemplateApp.xcdatamodel */;
			path = KOKTemplateApp.xcdatamodeld;
			sourceTree = "<group>";
			versionGroupType = wrapper.xcdatamodel;
		};
/* End XCVersionGroup section */
	};
	rootObject = E337E162257AE8970045328C /* Project object */;
}
